
Microsoft Visual Studio Solution File, Format Version 12.00
# Visual Studio Version 16
VisualStudioVersion = 16.0.29020.237
MinimumVisualStudioVersion = 10.0.40219.1
Project("{FAE04EC0-301F-11D3-BF4B-00C04F79EFBC}") = "Rechner01", "Rechner01\Rechner01.csproj", "{5D0E0F26-B964-462D-B3F0-6A39D4EF9C59}"
EndProject
Project("{FAE04EC0-301F-11D3-BF4B-00C04F79EFBC}") = "zudumm", "zudumm\zudumm.csproj", "{FB134BB1-F755-4F55-A564-317F736F0739}"
EndProject
Project("{2150E333-8FDC-42A3-9474-1A3956D46DE8}") = "Solution Items", "Solution Items", "{F0BDB017-A0F3-421B-8D12-4FA1D94E6ACE}"
	ProjectSection(SolutionItems) = preProject
		TextFile1.txt = TextFile1.txt
	EndProjectSection
EndProject
Project("{FAE04EC0-301F-11D3-BF4B-00C04F79EFBC}") = "EinArmiger", "..\..\EinArmiger\EinArmiger\EinArmiger.csproj", "{39EDAA61-5E8E-49DE-99C3-34B16927C091}"
EndProject
Global
	GlobalSection(SolutionConfigurationPlatforms) = preSolution
		Debug|Any CPU = Debug|Any CPU
		Release|Any CPU = Release|Any CPU
	EndGlobalSection
	GlobalSection(ProjectConfigurationPlatforms) = postSolution
		{5D0E0F26-B964-462D-B3F0-6A39D4EF9C59}.Debug|Any CPU.ActiveCfg = Debug|Any CPU
		{5D0E0F26-B964-462D-B3F0-6A39D4EF9C59}.Debug|Any CPU.Build.0 = Debug|Any CPU
		{5D0E0F26-B964-462D-B3F0-6A39D4EF9C59}.Release|Any CPU.ActiveCfg = Release|Any CPU
		{5D0E0F26-B964-462D-B3F0-6A39D4EF9C59}.Release|Any CPU.Build.0 = Release|Any CPU
		{FB134BB1-F755-4F55-A564-317F736F0739}.Debug|Any CPU.ActiveCfg = Debug|Any CPU
		{FB134BB1-F755-4F55-A564-317F736F0739}.Debug|Any CPU.Build.0 = Debug|Any CPU
		{FB134BB1-F755-4F55-A564-317F736F0739}.Release|Any CPU.ActiveCfg = Release|Any CPU
		{FB134BB1-F755-4F55-A564-317F736F0739}.Release|Any CPU.Build.0 = Release|Any CPU
		{39EDAA61-5E8E-49DE-99C3-34B16927C091}.Debug|Any CPU.ActiveCfg = Debug|Any CPU
		{39EDAA61-5E8E-49DE-99C3-34B16927C091}.Debug|Any CPU.Build.0 = Debug|Any CPU
		{39EDAA61-5E8E-49DE-99C3-34B16927C091}.Release|Any CPU.ActiveCfg = Release|Any CPU
		{39EDAA61-5E8E-49DE-99C3-34B16927C091}.Release|Any CPU.Build.0 = Release|Any CPU
	EndGlobalSection
	GlobalSection(SolutionProperties) = preSolution
		HideSolutionNode = FALSE
	EndGlobalSection
	GlobalSection(ExtensibilityGlobals) = postSolution
		SolutionGuid = {6A46C7DA-C0D0-4587-949B-089494F46D3B}
	EndGlobalSection
EndGlobal
